
Microsoft Visual Studio Solution File, Format Version 12.00
# Visual Studio 2012
Project("{FAE04EC0-301F-11D3-BF4B-00C04F79EFBC}") = "CSSD", "CSSD.csproj", "{BAEEAC64-1916-409E-9A9D-1718D82B365A}"
EndProject
Global
	GlobalSection(SolutionConfigurationPlatforms) = preSolution
		Debug|x86 = Debug|x86
		Release|x86 = Release|x86
	EndGlobalSection
	GlobalSection(ProjectConfigurationPlatforms) = postSolution
		{BAEEAC64-1916-409E-9A9D-1718D82B365A}.Debug|x86.ActiveCfg = Debug|x86
		{BAEEAC64-1916-409E-9A9D-1718D82B365A}.Debug|x86.Build.0 = Debug|x86
		{BAEEAC64-1916-409E-9A9D-1718D82B365A}.Release|x86.ActiveCfg = Release|x86
		{BAEEAC64-1916-409E-9A9D-1718D82B365A}.Release|x86.Build.0 = Release|x86
	EndGlobalSection
	GlobalSection(SolutionProperties) = preSolution
		HideSolutionNode = FALSE
	EndGlobalSection
EndGlobal
